# THIS IS AN AUTOGENERATED FILE. DO NOT EDIT THIS FILE DIRECTLY.
# yarn lockfile v1


"@polymer/lit-element@^0.5.1":
  version "0.5.1"
  resolved "https://registry.yarnpkg.com/@polymer/lit-element/-/lit-element-0.5.1.tgz#ab1b21391787082023852e95e65e60015dfdaa00"
  dependencies:
    "@polymer/polymer" "^3.0.0-pre.13"
    lit-html "^0.10.0"

"@polymer/polymer@^3.0.0-pre.13":
  version "3.0.2"
  resolved "https://registry.yarnpkg.com/@polymer/polymer/-/polymer-3.0.2.tgz#626e6f9fae9716b0962ce0211e21df242153eab2"
  dependencies:
    "@webcomponents/shadycss" "^1.2.0"

"@webcomponents/shadycss@^1.2.0":
  version "1.2.1"
  resolved "https://registry.yarnpkg.com/@webcomponents/shadycss/-/shadycss-1.2.1.tgz#6e4a88534657807c8398b4bc196d0ca492182d54"

"@webcomponents/webcomponentsjs@^2.0.0":
  version "2.0.0"
  resolved "https://registry.yarnpkg.com/@webcomponents/webcomponentsjs/-/webcomponentsjs-2.0.0.tgz#166e7489b9ce66f5c082a3360120cb27505f762f"

bulma@^0.7.1:
  version "0.7.1"
  resolved "https://registry.yarnpkg.com/bulma/-/bulma-0.7.1.tgz#73c2e3b2930c90cc272029cbd19918b493fca486"

lit-html@^0.10.0:
  version "0.10.0"
  resolved "https://registry.yarnpkg.com/lit-html/-/lit-html-0.10.0.tgz#1c56efc7513faa8e12d0a5564dc3c67ee28fd617"
